
Microsoft Visual Studio Solution File, Format Version 12.00
# Visual Studio Version 17
VisualStudioVersion = 17.13.35913.81 d17.13
MinimumVisualStudioVersion = 10.0.40219.1
Project("{FAE04EC0-301F-11D3-BF4B-00C04F79EFBC}") = "MusicPlayer", "MusicPlayer\MusicPlayer.csproj", "{DEFD99A3-E26F-4F97-8DF4-C45E7880DCB1}"
EndProject
Global
	GlobalSection(SolutionConfigurationPlatforms) = preSolution
		Debug|Any CPU = Debug|Any CPU
		Release|Any CPU = Release|Any CPU
	EndGlobalSection
	GlobalSection(ProjectConfigurationPlatforms) = postSolution
		{DEFD99A3-E26F-4F97-8DF4-C45E7880DCB1}.Debug|Any CPU.ActiveCfg = Debug|Any CPU
		{DEFD99A3-E26F-4F97-8DF4-C45E7880DCB1}.Debug|Any CPU.Build.0 = Debug|Any CPU
		{DEFD99A3-E26F-4F97-8DF4-C45E7880DCB1}.Release|Any CPU.ActiveCfg = Release|Any CPU
		{DEFD99A3-E26F-4F97-8DF4-C45E7880DCB1}.Release|Any CPU.Build.0 = Release|Any CPU
	EndGlobalSection
	GlobalSection(SolutionProperties) = preSolution
		HideSolutionNode = FALSE
	EndGlobalSection
	GlobalSection(ExtensibilityGlobals) = postSolution
		SolutionGuid = {E41CF72F-ACAF-4EC7-AE33-D9525EF017E4}
	EndGlobalSection
EndGlobal
